// !$*UTF8*$!
{
	archiveVersion = 1;
	classes = {
	};
	objectVersion = 50;
	objects = {

/* Begin PBXBuildFile section */
		63F23FFF231F02540059ECEE /* AppDelegate.swift in Sources */ = {isa = PBXBuildFile; fileRef = 63F23FFE231F02540059ECEE /* AppDelegate.swift */; };
		63F24001231F02540059ECEE /* ViewController.swift in Sources */ = {isa = PBXBuildFile; fileRef = 63F24000231F02540059ECEE /* ViewController.swift */; };
		63F24004231F02540059ECEE /* Main.storyboard in Resources */ = {isa = PBXBuildFile; fileRef = 63F24002231F02540059ECEE /* Main.storyboard */; };
		63F24006231F02550059ECEE /* Assets.xcassets in Resources */ = {isa = PBXBuildFile; fileRef = 63F24005231F02550059ECEE /* Assets.xcassets */; };
		63F24009231F02550059ECEE /* LaunchScreen.storyboard in Resources */ = {isa = PBXBuildFile; fileRef = 63F24007231F02550059ECEE /* LaunchScreen.storyboard */; };
		63F24011231F0C900059ECEE /* SearchResult.swift in Sources */ = {isa = PBXBuildFile; fileRef = 63F24010231F0C900059ECEE /* SearchResult.swift */; };
		63F24013231F126B0059ECEE /* ResultType.swift in Sources */ = {isa = PBXBuildFile; fileRef = 63F24012231F126B0059ECEE /* ResultType.swift */; };
		63F24015231F14940059ECEE /* SearchResultController.swift in Sources */ = {isa = PBXBuildFile; fileRef = 63F24014231F14940059ECEE /* SearchResultController.swift */; };
/* End PBXBuildFile section */

/* Begin PBXFileReference section */
		63F23FFB231F02540059ECEE /* iTunes Search.app */ = {isa = PBXFileReference; explicitFileType = wrapper.application; includeInIndex = 0; path = "iTunes Search.app"; sourceTree = BUILT_PRODUCTS_DIR; };
		63F23FFE231F02540059ECEE /* AppDelegate.swift */ = {isa = PBXFileReference; lastKnownFileType = sourcecode.swift; path = AppDelegate.swift; sourceTree = "<group>"; };
		63F24000231F02540059ECEE /* ViewController.swift */ = {isa = PBXFileReference; lastKnownFileType = sourcecode.swift; path = ViewController.swift; sourceTree = "<group>"; };
		63F24003231F02540059ECEE /* Base */ = {isa = PBXFileReference; lastKnownFileType = file.storyboard; name = Base; path = Base.lproj/Main.storyboard; sourceTree = "<group>"; };
		63F24005231F02550059ECEE /* Assets.xcassets */ = {isa = PBXFileReference; lastKnownFileType = folder.assetcatalog; path = Assets.xcassets; sourceTree = "<group>"; };
		63F24008231F02550059ECEE /* Base */ = {isa = PBXFileReference; lastKnownFileType = file.storyboard; name = Base; path = Base.lproj/LaunchScreen.storyboard; sourceTree = "<group>"; };
		63F2400A231F02550059ECEE /* Info.plist */ = {isa = PBXFileReference; lastKnownFileType = text.plist.xml; path = Info.plist; sourceTree = "<group>"; };
		63F24010231F0C900059ECEE /* SearchResult.swift */ = {isa = PBXFileReference; lastKnownFileType = sourcecode.swift; path = SearchResult.swift; sourceTree = "<group>"; };
		63F24012231F126B0059ECEE /* ResultType.swift */ = {isa = PBXFileReference; lastKnownFileType = sourcecode.swift; path = ResultType.swift; sourceTree = "<group>"; };
		63F24014231F14940059ECEE /* SearchResultController.swift */ = {isa = PBXFileReference; lastKnownFileType = sourcecode.swift; path = SearchResultController.swift; sourceTree = "<group>"; };
/* End PBXFileReference section */

/* Begin PBXFrameworksBuildPhase section */
		63F23FF8231F02540059ECEE /* Frameworks */ = {
			isa = PBXFrameworksBuildPhase;
			buildActionMask = 2147483647;
			files = (
			);
			runOnlyForDeploymentPostprocessing = 0;
		};
/* End PBXFrameworksBuildPhase section */

/* Begin PBXGroup section */
		63F23FF2231F02540059ECEE = {
			isa = PBXGroup;
			children = (
				63F23FFD231F02540059ECEE /* iTunes Search */,
				63F23FFC231F02540059ECEE /* Products */,
			);
			sourceTree = "<group>";
		};
		63F23FFC231F02540059ECEE /* Products */ = {
			isa = PBXGroup;
			children = (
				63F23FFB231F02540059ECEE /* iTunes Search.app */,
			);
			name = Products;
			sourceTree = "<group>";
		};
		63F23FFD231F02540059ECEE /* iTunes Search */ = {
			isa = PBXGroup;
			children = (
				63F23FFE231F02540059ECEE /* AppDelegate.swift */,
				63F24000231F02540059ECEE /* ViewController.swift */,
				63F24002231F02540059ECEE /* Main.storyboard */,
				63F24010231F0C900059ECEE /* SearchResult.swift */,
				63F24012231F126B0059ECEE /* ResultType.swift */,
				63F24014231F14940059ECEE /* SearchResultController.swift */,
				63F24005231F02550059ECEE /* Assets.xcassets */,
				63F24007231F02550059ECEE /* LaunchScreen.storyboard */,
				63F2400A231F02550059ECEE /* Info.plist */,
			);
			path = "iTunes Search";
			sourceTree = "<group>";
		};
/* End PBXGroup section */

/* Begin PBXNativeTarget section */
		63F23FFA231F02540059ECEE /* iTunes Search */ = {
			isa = PBXNativeTarget;
			buildConfigurationList = 63F2400D231F02550059ECEE /* Build configuration list for PBXNativeTarget "iTunes Search" */;
			buildPhases = (
				63F23FF7231F02540059ECEE /* Sources */,
				63F23FF8231F02540059ECEE /* Frameworks */,
				63F23FF9231F02540059ECEE /* Resources */,
			);
			buildRules = (
			);
			dependencies = (
			);
			name = "iTunes Search";
			productName = "iTunes Search";
			productReference = 63F23FFB231F02540059ECEE /* iTunes Search.app */;
			productType = "com.apple.product-type.application";
		};
/* End PBXNativeTarget section */

/* Begin PBXProject section */
		63F23FF3231F02540059ECEE /* Project object */ = {
			isa = PBXProject;
			attributes = {
				LastSwiftUpdateCheck = 1030;
				LastUpgradeCheck = 1030;
				ORGANIZATIONNAME = "Lambda School";
				TargetAttributes = {
					63F23FFA231F02540059ECEE = {
						CreatedOnToolsVersion = 10.3;
					};
				};
			};
			buildConfigurationList = 63F23FF6231F02540059ECEE /* Build configuration list for PBXProject "iTunes Search" */;
			compatibilityVersion = "Xcode 9.3";
			developmentRegion = en;
			hasScannedForEncodings = 0;
			knownRegions = (
				en,
				Base,
			);
			mainGroup = 63F23FF2231F02540059ECEE;
			productRefGroup = 63F23FFC231F02540059ECEE /* Products */;
			projectDirPath = "";
			projectRoot = "";
			targets = (
				63F23FFA231F02540059ECEE /* iTunes Search */,
			);
		};
/* End PBXProject section */

/* Begin PBXResourcesBuildPhase section */
		63F23FF9231F02540059ECEE /* Resources */ = {
			isa = PBXResourcesBuildPhase;
			buildActionMask = 2147483647;
			files = (
				63F24009231F02550059ECEE /* LaunchScreen.storyboard in Resources */,
				63F24006231F02550059ECEE /* Assets.xcassets in Resources */,
				63F24004231F02540059ECEE /* Main.storyboard in Resources */,
			);
			runOnlyForDeploymentPostprocessing = 0;
		};
/* End PBXResourcesBuildPhase section */

/* Begin PBXSourcesBuildPhase section */
		63F23FF7231F02540059ECEE /* Sources */ = {
			isa = PBXSourcesBuildPhase;
			buildActionMask = 2147483647;
			files = (
				63F24013231F126B0059ECEE /* ResultType.swift in Sources */,
				63F24001231F02540059ECEE /* ViewController.swift in Sources */,
				63F24011231F0C900059ECEE /* SearchResult.swift in Sources */,
				63F23FFF231F02540059ECEE /* AppDelegate.swift in Sources */,
				63F24015231F14940059ECEE /* SearchResultController.swift in Sources */,
			);
			runOnlyForDeploymentPostprocessing = 0;
		};
/* End PBXSourcesBuildPhase section */

/* Begin PBXVariantGroup section */
		63F24002231F02540059ECEE /* Main.storyboard */ = {
			isa = PBXVariantGroup;
			children = (
				63F24003231F02540059ECEE /* Base */,
			);
			name = Main.storyboard;
			sourceTree = "<group>";
		};
		63F24007231F02550059ECEE /* LaunchScreen.storyboard */ = {
			isa = PBXVariantGroup;
			children = (
				63F24008231F02550059ECEE /* Base */,
			);
			name = LaunchScreen.storyboard;
			sourceTree = "<group>";
		};
/* End PBXVariantGroup section */

/* Begin XCBuildConfiguration section */
		63F2400B231F02550059ECEE /* Debug */ = {
			isa = XCBuildConfiguration;
			buildSettings = {
				ALWAYS_SEARCH_USER_PATHS = NO;
				CLANG_ANALYZER_NONNULL = YES;
				CLANG_ANALYZER_NUMBER_OBJECT_CONVERSION = YES_AGGRESSIVE;
				CLANG_CXX_LANGUAGE_STANDARD = "gnu++14";
				CLANG_CXX_LIBRARY = "libc++";
				CLANG_ENABLE_MODULES = YES;
				CLANG_ENABLE_OBJC_ARC = YES;
				CLANG_ENABLE_OBJC_WEAK = YES;
				CLANG_WARN_BLOCK_CAPTURE_AUTORELEASING = YES;
				CLANG_WARN_BOOL_CONVERSION = YES;
				CLANG_WARN_COMMA = YES;
				CLANG_WARN_CONSTANT_CONVERSION = YES;
				CLANG_WARN_DEPRECATED_OBJC_IMPLEMENTATIONS = YES;
				CLANG_WARN_DIRECT_OBJC_ISA_USAGE = YES_ERROR;
				CLANG_WARN_DOCUMENTATION_COMMENTS = YES;
				CLANG_WARN_EMPTY_BODY = YES;
				CLANG_WARN_ENUM_CONVERSION = YES;
				CLANG_WARN_INFINITE_RECURSION = YES;
				CLANG_WARN_INT_CONVERSION = YES;
				CLANG_WARN_NON_LITERAL_NULL_CONVERSION = YES;
				CLANG_WARN_OBJC_IMPLICIT_RETAIN_SELF = YES;
				CLANG_WARN_OBJC_LITERAL_CONVERSION = YES;
				CLANG_WARN_OBJC_ROOT_CLASS = YES_ERROR;
				CLANG_WARN_RANGE_LOOP_ANALYSIS = YES;
				CLANG_WARN_STRICT_PROTOTYPES = YES;
				CLANG_WARN_SUSPICIOUS_MOVE = YES;
				CLANG_WARN_UNGUARDED_AVAILABILITY = YES_AGGRESSIVE;
				CLANG_WARN_UNREACHABLE_CODE = YES;
				CLANG_WARN__DUPLICATE_METHOD_MATCH = YES;
				CODE_SIGN_IDENTITY = "iPhone Developer";
				COPY_PHASE_STRIP = NO;
				DEBUG_INFORMATION_FORMAT = dwarf;
				ENABLE_STRICT_OBJC_MSGSEND = YES;
				ENABLE_TESTABILITY = YES;
				GCC_C_LANGUAGE_STANDARD = gnu11;
				GCC_DYNAMIC_NO_PIC = NO;
				GCC_NO_COMMON_BLOCKS = YES;
				GCC_OPTIMIZATION_LEVEL = 0;
				GCC_PREPROCESSOR_DEFINITIONS = (
					"DEBUG=1",
					"$(inherited)",
				);
				GCC_WARN_64_TO_32_BIT_CONVERSION = YES;
				GCC_WARN_ABOUT_RETURN_TYPE = YES_ERROR;
				GCC_WARN_UNDECLARED_SELECTOR = YES;
				GCC_WARN_UNINITIALIZED_AUTOS = YES_AGGRESSIVE;
				GCC_WARN_UNUSED_FUNCTION = YES;
				GCC_WARN_UNUSED_VARIABLE = YES;
				IPHONEOS_DEPLOYMENT_TARGET = 12.4;
				MTL_ENABLE_DEBUG_INFO = INCLUDE_SOURCE;
				MTL_FAST_MATH = YES;
				ONLY_ACTIVE_ARCH = YES;
				SDKROOT = iphoneos;
				SWIFT_ACTIVE_COMPILATION_CONDITIONS = DEBUG;
				SWIFT_OPTIMIZATION_LEVEL = "-Onone";
			};
			name = Debug;
		};
		63F2400C231F02550059ECEE /* Release */ = {
			isa = XCBuildConfiguration;
			buildSettings = {
				ALWAYS_SEARCH_USER_PATHS = NO;
				CLANG_ANALYZER_NONNULL = YES;
				CLANG_ANALYZER_NUMBER_OBJECT_CONVERSION = YES_AGGRESSIVE;
				CLANG_CXX_LANGUAGE_STANDARD = "gnu++14";
				CLANG_CXX_LIBRARY = "libc++";
				CLANG_ENABLE_MODULES = YES;
				CLANG_ENABLE_OBJC_ARC = YES;
				CLANG_ENABLE_OBJC_WEAK = YES;
				CLANG_WARN_BLOCK_CAPTURE_AUTORELEASING = YES;
				CLANG_WARN_BOOL_CONVERSION = YES;
				CLANG_WARN_COMMA = YES;
				CLANG_WARN_CONSTANT_CONVERSION = YES;
				CLANG_WARN_DEPRECATED_OBJC_IMPLEMENTATIONS = YES;
				CLANG_WARN_DIRECT_OBJC_ISA_USAGE = YES_ERROR;
				CLANG_WARN_DOCUMENTATION_COMMENTS = YES;
				CLANG_WARN_EMPTY_BODY = YES;
				CLANG_WARN_ENUM_CONVERSION = YES;
				CLANG_WARN_INFINITE_RECURSION = YES;
				CLANG_WARN_INT_CONVERSION = YES;
				CLANG_WARN_NON_LITERAL_NULL_CONVERSION = YES;
				CLANG_WARN_OBJC_IMPLICIT_RETAIN_SELF = YES;
				CLANG_WARN_OBJC_LITERAL_CONVERSION = YES;
				CLANG_WARN_OBJC_ROOT_CLASS = YES_ERROR;
				CLANG_WARN_RANGE_LOOP_ANALYSIS = YES;
				CLANG_WARN_STRICT_PROTOTYPES = YES;
				CLANG_WARN_SUSPICIOUS_MOVE = YES;
				CLANG_WARN_UNGUARDED_AVAILABILITY = YES_AGGRESSIVE;
				CLANG_WARN_UNREACHABLE_CODE = YES;
				CLANG_WARN__DUPLICATE_METHOD_MATCH = YES;
				CODE_SIGN_IDENTITY = "iPhone Developer";
				COPY_PHASE_STRIP = NO;
				DEBUG_INFORMATION_FORMAT = "dwarf-with-dsym";
				ENABLE_NS_ASSERTIONS = NO;
				ENABLE_STRICT_OBJC_MSGSEND = YES;
				GCC_C_LANGUAGE_STANDARD = gnu11;
				GCC_NO_COMMON_BLOCKS = YES;
				GCC_WARN_64_TO_32_BIT_CONVERSION = YES;
				GCC_WARN_ABOUT_RETURN_TYPE = YES_ERROR;
				GCC_WARN_UNDECLARED_SELECTOR = YES;
				GCC_WARN_UNINITIALIZED_AUTOS = YES_AGGRESSIVE;
				GCC_WARN_UNUSED_FUNCTION = YES;
				GCC_WARN_UNUSED_VARIABLE = YES;
				IPHONEOS_DEPLOYMENT_TARGET = 12.4;
				MTL_ENABLE_DEBUG_INFO = NO;
				MTL_FAST_MATH = YES;
				SDKROOT = iphoneos;
				SWIFT_COMPILATION_MODE = wholemodule;
				SWIFT_OPTIMIZATION_LEVEL = "-O";
				VALIDATE_PRODUCT = YES;
			};
			name = Release;
		};
		63F2400E231F02550059ECEE /* Debug */ = {
			isa = XCBuildConfiguration;
			buildSettings = {
				ASSETCATALOG_COMPILER_APPICON_NAME = AppIcon;
				CODE_SIGN_STYLE = Automatic;
				DEVELOPMENT_TEAM = VXUQXR6S56;
				INFOPLIST_FILE = "iTunes Search/Info.plist";
				LD_RUNPATH_SEARCH_PATHS = (
					"$(inherited)",
					"@executable_path/Frameworks",
				);
				PRODUCT_BUNDLE_IDENTIFIER = "com.lambdaschool.CardlyApp.iTunes-Search";
				PRODUCT_NAME = "$(TARGET_NAME)";
				SWIFT_VERSION = 5.0;
				TARGETED_DEVICE_FAMILY = "1,2";
			};
			name = Debug;
		};
		63F2400F231F02550059ECEE /* Release */ = {
			isa = XCBuildConfiguration;
			buildSettings = {
				ASSETCATALOG_COMPILER_APPICON_NAME = AppIcon;
				CODE_SIGN_STYLE = Automatic;
				DEVELOPMENT_TEAM = VXUQXR6S56;
				INFOPLIST_FILE = "iTunes Search/Info.plist";
				LD_RUNPATH_SEARCH_PATHS = (
					"$(inherited)",
					"@executable_path/Frameworks",
				);
				PRODUCT_BUNDLE_IDENTIFIER = "com.lambdaschool.CardlyApp.iTunes-Search";
				PRODUCT_NAME = "$(TARGET_NAME)";
				SWIFT_VERSION = 5.0;
				TARGETED_DEVICE_FAMILY = "1,2";
			};
			name = Release;
		};
/* End XCBuildConfiguration section */

/* Begin XCConfigurationList section */
		63F23FF6231F02540059ECEE /* Build configuration list for PBXProject "iTunes Search" */ = {
			isa = XCConfigurationList;
			buildConfigurations = (
				63F2400B231F02550059ECEE /* Debug */,
				63F2400C231F02550059ECEE /* Release */,
			);
			defaultConfigurationIsVisible = 0;
			defaultConfigurationName = Release;
		};
		63F2400D231F02550059ECEE /* Build configuration list for PBXNativeTarget "iTunes Search" */ = {
			isa = XCConfigurationList;
			buildConfigurations = (
				63F2400E231F02550059ECEE /* Debug */,
				63F2400F231F02550059ECEE /* Release */,
			);
			defaultConfigurationIsVisible = 0;
			defaultConfigurationName = Release;
		};
/* End XCConfigurationList section */
	};
	rootObject = 63F23FF3231F02540059ECEE /* Project object */;
}
